
Microsoft Visual Studio Solution File, Format Version 12.00
# Visual Studio 11
Project("{00000000-0000-0000-0000-000000000000}") = "Pong", "Pong\Pong.csproj", "{90AB0907-62B0-47E9-998E-50C253541FF1}"
EndProject
Global
	GlobalSection(SolutionConfigurationPlatforms) = preSolution
		Debug|Any CPU = Debug|Any CPU
		Release|Any CPU = Release|Any CPU
	EndGlobalSection
	GlobalSection(ProjectConfigurationPlatforms) = postSolution
		{90AB0907-62B0-47E9-998E-50C253541FF1}.Debug|Any CPU.ActiveCfg = Debug|Any CPU
		{90AB0907-62B0-47E9-998E-50C253541FF1}.Debug|Any CPU.Build.0 = Debug|Any CPU
		{90AB0907-62B0-47E9-998E-50C253541FF1}.Release|Any CPU.ActiveCfg = Release|Any CPU
		{90AB0907-62B0-47E9-998E-50C253541FF1}.Release|Any CPU.Build.0 = Release|Any CPU
	EndGlobalSection
	GlobalSection(SolutionProperties) = preSolution
		HideSolutionNode = FALSE
	EndGlobalSection
EndGlobal
